
Microsoft Visual Studio Solution File, Format Version 12.00
# Visual Studio Version 16
VisualStudioVersion = 16.0.29209.62
MinimumVisualStudioVersion = 10.0.40219.1
Project("{FAE04EC0-301F-11D3-BF4B-00C04F79EFBC}") = "ElPardo_Api", "ElPardo_Api\ElPardo_Api.csproj", "{E6FC191B-E4DD-4071-817D-9BF22EB992D4}"
EndProject
Global
	GlobalSection(SolutionConfigurationPlatforms) = preSolution
		Debug|Any CPU = Debug|Any CPU
		Release|Any CPU = Release|Any CPU
	EndGlobalSection
	GlobalSection(ProjectConfigurationPlatforms) = postSolution
		{E6FC191B-E4DD-4071-817D-9BF22EB992D4}.Debug|Any CPU.ActiveCfg = Debug|Any CPU
		{E6FC191B-E4DD-4071-817D-9BF22EB992D4}.Debug|Any CPU.Build.0 = Debug|Any CPU
		{E6FC191B-E4DD-4071-817D-9BF22EB992D4}.Release|Any CPU.ActiveCfg = Release|Any CPU
		{E6FC191B-E4DD-4071-817D-9BF22EB992D4}.Release|Any CPU.Build.0 = Release|Any CPU
	EndGlobalSection
	GlobalSection(SolutionProperties) = preSolution
		HideSolutionNode = FALSE
	EndGlobalSection
	GlobalSection(ExtensibilityGlobals) = postSolution
		SolutionGuid = {FAD343D5-4507-4B87-8C83-265F0348523A}
	EndGlobalSection
EndGlobal
